
Microsoft Visual Studio Solution File, Format Version 12.00
# Visual Studio Version 16
VisualStudioVersion = 16.0.29926.136
MinimumVisualStudioVersion = 10.0.40219.1
Project("{9A19103F-16F7-4668-BE54-9A1E7A4F7556}") = "Olakunle_Ibrahim_MS_API", "Olakunle_Ibrahim_MS_API\Olakunle_Ibrahim_MS_API.csproj", "{3976FBE1-7CEB-48DB-AB9C-4DE1F00E5C71}"
EndProject
Global
	GlobalSection(SolutionConfigurationPlatforms) = preSolution
		Debug|Any CPU = Debug|Any CPU
		Release|Any CPU = Release|Any CPU
	EndGlobalSection
	GlobalSection(ProjectConfigurationPlatforms) = postSolution
		{3976FBE1-7CEB-48DB-AB9C-4DE1F00E5C71}.Debug|Any CPU.ActiveCfg = Debug|Any CPU
		{3976FBE1-7CEB-48DB-AB9C-4DE1F00E5C71}.Debug|Any CPU.Build.0 = Debug|Any CPU
		{3976FBE1-7CEB-48DB-AB9C-4DE1F00E5C71}.Release|Any CPU.ActiveCfg = Release|Any CPU
		{3976FBE1-7CEB-48DB-AB9C-4DE1F00E5C71}.Release|Any CPU.Build.0 = Release|Any CPU
	EndGlobalSection
	GlobalSection(SolutionProperties) = preSolution
		HideSolutionNode = FALSE
	EndGlobalSection
	GlobalSection(ExtensibilityGlobals) = postSolution
		SolutionGuid = {D220D009-3B27-48EC-AD37-D2C50EDDDE0D}
	EndGlobalSection
EndGlobal
